
Microsoft Visual Studio Solution File, Format Version 12.00
# Visual Studio Version 17
VisualStudioVersion = 17.3.32922.545
MinimumVisualStudioVersion = 10.0.40219.1
Project("{9A19103F-16F7-4668-BE54-9A1E7A4F7556}") = "TrackerApi", "TrackerApi.csproj", "{DA334956-0AE6-40BD-8881-6A4CC725BF9A}"
EndProject
Project("{FAE04EC0-301F-11D3-BF4B-00C04F79EFBC}") = "TrackerApiTest", "..\TrackerApiTest\TrackerApiTest.csproj", "{83982681-E649-4BC9-82C0-3B8261362387}"
EndProject
Global
	GlobalSection(SolutionConfigurationPlatforms) = preSolution
		Debug|Any CPU = Debug|Any CPU
		Release|Any CPU = Release|Any CPU
	EndGlobalSection
	GlobalSection(ProjectConfigurationPlatforms) = postSolution
		{DA334956-0AE6-40BD-8881-6A4CC725BF9A}.Debug|Any CPU.ActiveCfg = Debug|Any CPU
		{DA334956-0AE6-40BD-8881-6A4CC725BF9A}.Debug|Any CPU.Build.0 = Debug|Any CPU
		{DA334956-0AE6-40BD-8881-6A4CC725BF9A}.Release|Any CPU.ActiveCfg = Release|Any CPU
		{DA334956-0AE6-40BD-8881-6A4CC725BF9A}.Release|Any CPU.Build.0 = Release|Any CPU
		{83982681-E649-4BC9-82C0-3B8261362387}.Debug|Any CPU.ActiveCfg = Debug|Any CPU
		{83982681-E649-4BC9-82C0-3B8261362387}.Debug|Any CPU.Build.0 = Debug|Any CPU
		{83982681-E649-4BC9-82C0-3B8261362387}.Release|Any CPU.ActiveCfg = Release|Any CPU
		{83982681-E649-4BC9-82C0-3B8261362387}.Release|Any CPU.Build.0 = Release|Any CPU
	EndGlobalSection
	GlobalSection(SolutionProperties) = preSolution
		HideSolutionNode = FALSE
	EndGlobalSection
	GlobalSection(ExtensibilityGlobals) = postSolution
		SolutionGuid = {292B6B1A-A9B7-412C-B98A-00170D702762}
	EndGlobalSection
EndGlobal
